// !$*UTF8*$!
{
	archiveVersion = 1;
	classes = {
	};
	objectVersion = 48;
	objects = {

/* Begin PBXBuildFile section */
		1DF7484BAF4592B255EB50C1 /* Pods_FYP.framework in Frameworks */ = {isa = PBXBuildFile; fileRef = CD1773FB594F28E25B4FA7D3 /* Pods_FYP.framework */; };
		DD2411BA20375CEE00515757 /* DetailLogViewController.swift in Sources */ = {isa = PBXBuildFile; fileRef = DD2411B920375CEE00515757 /* DetailLogViewController.swift */; };
		DD354C87202F4074008DD9E3 /* Log.swift in Sources */ = {isa = PBXBuildFile; fileRef = DD354C86202F4074008DD9E3 /* Log.swift */; };
		DD3596D5201CB4840096A84C /* AppDelegate.swift in Sources */ = {isa = PBXBuildFile; fileRef = DD3596D4201CB4840096A84C /* AppDelegate.swift */; };
		DD3596D7201CB4840096A84C /* ViewController.swift in Sources */ = {isa = PBXBuildFile; fileRef = DD3596D6201CB4840096A84C /* ViewController.swift */; };
		DD3596DA201CB4840096A84C /* Main.storyboard in Resources */ = {isa = PBXBuildFile; fileRef = DD3596D8201CB4840096A84C /* Main.storyboard */; };
		DD3596DC201CB4840096A84C /* Assets.xcassets in Resources */ = {isa = PBXBuildFile; fileRef = DD3596DB201CB4840096A84C /* Assets.xcassets */; };
		DD3596DF201CB4840096A84C /* LaunchScreen.storyboard in Resources */ = {isa = PBXBuildFile; fileRef = DD3596DD201CB4840096A84C /* LaunchScreen.storyboard */; };
		DD3596E7201CCC840096A84C /* SignInViewController.swift in Sources */ = {isa = PBXBuildFile; fileRef = DD3596E6201CCC840096A84C /* SignInViewController.swift */; };
		DD3596E9201CCF160096A84C /* RegisterViewController.swift in Sources */ = {isa = PBXBuildFile; fileRef = DD3596E8201CCF160096A84C /* RegisterViewController.swift */; };
		DD3A19A22047252300673DAF /* ChartViewController.swift in Sources */ = {isa = PBXBuildFile; fileRef = DD3A19A12047252300673DAF /* ChartViewController.swift */; };
		DD5C4A422066C3EA0054E035 /* lineGraph@3x.png in Resources */ = {isa = PBXBuildFile; fileRef = DD5C4A412066C3EA0054E035 /* lineGraph@3x.png */; };
		DD5C4A442066C3F10054E035 /* lineGraph@2x.png in Resources */ = {isa = PBXBuildFile; fileRef = DD5C4A432066C3F10054E035 /* lineGraph@2x.png */; };
		DD5C4A462066C3F70054E035 /* lineGraph.png in Resources */ = {isa = PBXBuildFile; fileRef = DD5C4A452066C3F70054E035 /* lineGraph.png */; };
		DD5C4A492066C4E70054E035 /* viewLogs.png in Resources */ = {isa = PBXBuildFile; fileRef = DD5C4A482066C4E70054E035 /* viewLogs.png */; };
		DD5C4A4B2066C4F10054E035 /* viewlogs@2x.png in Resources */ = {isa = PBXBuildFile; fileRef = DD5C4A4A2066C4F10054E035 /* viewlogs@2x.png */; };
		DD5C4A4D2066C4F80054E035 /* viewLogs@3x.png in Resources */ = {isa = PBXBuildFile; fileRef = DD5C4A4C2066C4F80054E035 /* viewLogs@3x.png */; };
		DD5C4A502066CA9B0054E035 /* resetPassword@3x.png in Resources */ = {isa = PBXBuildFile; fileRef = DD5C4A4F2066CA9B0054E035 /* resetPassword@3x.png */; };
		DD5C4A522066CAA20054E035 /* resetPassword@2x.png in Resources */ = {isa = PBXBuildFile; fileRef = DD5C4A512066CAA10054E035 /* resetPassword@2x.png */; };
		DD5C4A542066CAA80054E035 /* resetPassword.png in Resources */ = {isa = PBXBuildFile; fileRef = DD5C4A532066CAA70054E035 /* resetPassword.png */; };
		DD5C4A572066CC250054E035 /* addLog.png in Resources */ = {isa = PBXBuildFile; fileRef = DD5C4A562066CC240054E035 /* addLog.png */; };
		DD5C4A592066CC2B0054E035 /* addLog@2x.png in Resources */ = {isa = PBXBuildFile; fileRef = DD5C4A582066CC2A0054E035 /* addLog@2x.png */; };
		DD5C4A5B2066CC340054E035 /* addLog@3x.png in Resources */ = {isa = PBXBuildFile; fileRef = DD5C4A5A2066CC330054E035 /* addLog@3x.png */; };
		DD5C4A5E2066CD690054E035 /* activities.png in Resources */ = {isa = PBXBuildFile; fileRef = DD5C4A5D2066CD690054E035 /* activities.png */; };
		DD5C4A602066CD6E0054E035 /* activities@3x.png in Resources */ = {isa = PBXBuildFile; fileRef = DD5C4A5F2066CD6E0054E035 /* activities@3x.png */; };
		DD5C4A622066CD750054E035 /* activities@2x.png in Resources */ = {isa = PBXBuildFile; fileRef = DD5C4A612066CD750054E035 /* activities@2x.png */; };
		DD887CD720222A71003BCFE3 /* LogEntryViewController.swift in Sources */ = {isa = PBXBuildFile; fileRef = DD887CD620222A71003BCFE3 /* LogEntryViewController.swift */; };
		DDA5C200204F2A7A004452D8 /* editActivitiesViewController.swift in Sources */ = {isa = PBXBuildFile; fileRef = DDA5C1FF204F2A7A004452D8 /* editActivitiesViewController.swift */; };
		DDA5C202204F3755004452D8 /* MaxLengthTextField.swift in Sources */ = {isa = PBXBuildFile; fileRef = DDA5C201204F3755004452D8 /* MaxLengthTextField.swift */; };
		DDAAA36220377BB0001E8C77 /* noMeds.png in Resources */ = {isa = PBXBuildFile; fileRef = DDAAA36120377BB0001E8C77 /* noMeds.png */; };
		DDAAA36420377BB7001E8C77 /* yesMeds.png in Resources */ = {isa = PBXBuildFile; fileRef = DDAAA36320377BB7001E8C77 /* yesMeds.png */; };
		DDCEEBD32062C0870094FFDE /* ResetPasswordViewController.swift in Sources */ = {isa = PBXBuildFile; fileRef = DDCEEBD22062C0870094FFDE /* ResetPasswordViewController.swift */; };
		DDD896AA2028FE6400A85EF6 /* GoogleService-Info.plist in Resources */ = {isa = PBXBuildFile; fileRef = DDD896A92028FE6400A85EF6 /* GoogleService-Info.plist */; };
		DDDACAB5202676F500CE4FFD /* ViewLogsViewController.swift in Sources */ = {isa = PBXBuildFile; fileRef = DDDACAB4202676F500CE4FFD /* ViewLogsViewController.swift */; };
		DDDACAB72026833B00CE4FFD /* ViewLogsViewControllerTableViewCell.swift in Sources */ = {isa = PBXBuildFile; fileRef = DDDACAB62026833B00CE4FFD /* ViewLogsViewControllerTableViewCell.swift */; };
/* End PBXBuildFile section */

/* Begin PBXFileReference section */
		08EB26EF0073F8EC21D50595 /* Pods-FYP.release.xcconfig */ = {isa = PBXFileReference; includeInIndex = 1; lastKnownFileType = text.xcconfig; name = "Pods-FYP.release.xcconfig"; path = "Pods/Target Support Files/Pods-FYP/Pods-FYP.release.xcconfig"; sourceTree = "<group>"; };
		6CAB64F2B7C0EF8AD60380AB /* Pods-FYP.debug.xcconfig */ = {isa = PBXFileReference; includeInIndex = 1; lastKnownFileType = text.xcconfig; name = "Pods-FYP.debug.xcconfig"; path = "Pods/Target Support Files/Pods-FYP/Pods-FYP.debug.xcconfig"; sourceTree = "<group>"; };
		CD1773FB594F28E25B4FA7D3 /* Pods_FYP.framework */ = {isa = PBXFileReference; explicitFileType = wrapper.framework; includeInIndex = 0; path = Pods_FYP.framework; sourceTree = BUILT_PRODUCTS_DIR; };
		DD2411B920375CEE00515757 /* DetailLogViewController.swift */ = {isa = PBXFileReference; lastKnownFileType = sourcecode.swift; path = DetailLogViewController.swift; sourceTree = "<group>"; };
		DD354C86202F4074008DD9E3 /* Log.swift */ = {isa = PBXFileReference; lastKnownFileType = sourcecode.swift; path = Log.swift; sourceTree = "<group>"; };
		DD3596D1201CB4840096A84C /* FYP.app */ = {isa = PBXFileReference; explicitFileType = wrapper.application; includeInIndex = 0; path = FYP.app; sourceTree = BUILT_PRODUCTS_DIR; };
		DD3596D4201CB4840096A84C /* AppDelegate.swift */ = {isa = PBXFileReference; lastKnownFileType = sourcecode.swift; path = AppDelegate.swift; sourceTree = "<group>"; };
		DD3596D6201CB4840096A84C /* ViewController.swift */ = {isa = PBXFileReference; lastKnownFileType = sourcecode.swift; path = ViewController.swift; sourceTree = "<group>"; };
		DD3596D9201CB4840096A84C /* Base */ = {isa = PBXFileReference; lastKnownFileType = file.storyboard; name = Base; path = Base.lproj/Main.storyboard; sourceTree = "<group>"; };
		DD3596DB201CB4840096A84C /* Assets.xcassets */ = {isa = PBXFileReference; lastKnownFileType = folder.assetcatalog; path = Assets.xcassets; sourceTree = "<group>"; };
		DD3596DE201CB4840096A84C /* Base */ = {isa = PBXFileReference; lastKnownFileType = file.storyboard; name = Base; path = Base.lproj/LaunchScreen.storyboard; sourceTree = "<group>"; };
		DD3596E0201CB4840096A84C /* Info.plist */ = {isa = PBXFileReference; lastKnownFileType = text.plist.xml; path = Info.plist; sourceTree = "<group>"; };
		DD3596E6201CCC840096A84C /* SignInViewController.swift */ = {isa = PBXFileReference; lastKnownFileType = sourcecode.swift; path = SignInViewController.swift; sourceTree = "<group>"; };
		DD3596E8201CCF160096A84C /* RegisterViewController.swift */ = {isa = PBXFileReference; lastKnownFileType = sourcecode.swift; path = RegisterViewController.swift; sourceTree = "<group>"; };
		DD3A19A12047252300673DAF /* ChartViewController.swift */ = {isa = PBXFileReference; lastKnownFileType = sourcecode.swift; path = ChartViewController.swift; sourceTree = "<group>"; };
		DD5C4A412066C3EA0054E035 /* lineGraph@3x.png */ = {isa = PBXFileReference; lastKnownFileType = image.png; path = "lineGraph@3x.png"; sourceTree = "<group>"; };
		DD5C4A432066C3F10054E035 /* lineGraph@2x.png */ = {isa = PBXFileReference; lastKnownFileType = image.png; path = "lineGraph@2x.png"; sourceTree = "<group>"; };
		DD5C4A452066C3F70054E035 /* lineGraph.png */ = {isa = PBXFileReference; lastKnownFileType = image.png; path = lineGraph.png; sourceTree = "<group>"; };
		DD5C4A482066C4E70054E035 /* viewLogs.png */ = {isa = PBXFileReference; lastKnownFileType = image.png; path = viewLogs.png; sourceTree = "<group>"; };
		DD5C4A4A2066C4F10054E035 /* viewlogs@2x.png */ = {isa = PBXFileReference; lastKnownFileType = image.png; path = "viewlogs@2x.png"; sourceTree = "<group>"; };
		DD5C4A4C2066C4F80054E035 /* viewLogs@3x.png */ = {isa = PBXFileReference; lastKnownFileType = image.png; path = "viewLogs@3x.png"; sourceTree = "<group>"; };
		DD5C4A4F2066CA9B0054E035 /* resetPassword@3x.png */ = {isa = PBXFileReference; lastKnownFileType = image.png; path = "resetPassword@3x.png"; sourceTree = "<group>"; };
		DD5C4A512066CAA10054E035 /* resetPassword@2x.png */ = {isa = PBXFileReference; lastKnownFileType = image.png; path = "resetPassword@2x.png"; sourceTree = "<group>"; };
		DD5C4A532066CAA70054E035 /* resetPassword.png */ = {isa = PBXFileReference; lastKnownFileType = image.png; path = resetPassword.png; sourceTree = "<group>"; };
		DD5C4A562066CC240054E035 /* addLog.png */ = {isa = PBXFileReference; lastKnownFileType = image.png; path = addLog.png; sourceTree = "<group>"; };
		DD5C4A582066CC2A0054E035 /* addLog@2x.png */ = {isa = PBXFileReference; lastKnownFileType = image.png; path = "addLog@2x.png"; sourceTree = "<group>"; };
		DD5C4A5A2066CC330054E035 /* addLog@3x.png */ = {isa = PBXFileReference; lastKnownFileType = image.png; path = "addLog@3x.png"; sourceTree = "<group>"; };
		DD5C4A5D2066CD690054E035 /* activities.png */ = {isa = PBXFileReference; lastKnownFileType = image.png; path = activities.png; sourceTree = "<group>"; };
		DD5C4A5F2066CD6E0054E035 /* activities@3x.png */ = {isa = PBXFileReference; lastKnownFileType = image.png; path = "activities@3x.png"; sourceTree = "<group>"; };
		DD5C4A612066CD750054E035 /* activities@2x.png */ = {isa = PBXFileReference; lastKnownFileType = image.png; path = "activities@2x.png"; sourceTree = "<group>"; };
		DD887CD620222A71003BCFE3 /* LogEntryViewController.swift */ = {isa = PBXFileReference; lastKnownFileType = sourcecode.swift; path = LogEntryViewController.swift; sourceTree = "<group>"; };
		DDA5C1FF204F2A7A004452D8 /* editActivitiesViewController.swift */ = {isa = PBXFileReference; lastKnownFileType = sourcecode.swift; path = editActivitiesViewController.swift; sourceTree = "<group>"; };
		DDA5C201204F3755004452D8 /* MaxLengthTextField.swift */ = {isa = PBXFileReference; lastKnownFileType = sourcecode.swift; path = MaxLengthTextField.swift; sourceTree = "<group>"; };
		DDAAA36120377BB0001E8C77 /* noMeds.png */ = {isa = PBXFileReference; lastKnownFileType = image.png; name = noMeds.png; path = ../../Downloads/noMeds.png; sourceTree = "<group>"; };
		DDAAA36320377BB7001E8C77 /* yesMeds.png */ = {isa = PBXFileReference; lastKnownFileType = image.png; path = yesMeds.png; sourceTree = "<group>"; };
		DDCEEBD1206194780094FFDE /* FYP_bridge.h */ = {isa = PBXFileReference; lastKnownFileType = sourcecode.c.h; path = FYP_bridge.h; sourceTree = "<group>"; };
		DDCEEBD22062C0870094FFDE /* ResetPasswordViewController.swift */ = {isa = PBXFileReference; lastKnownFileType = sourcecode.swift; path = ResetPasswordViewController.swift; sourceTree = "<group>"; };
		DDD896A92028FE6400A85EF6 /* GoogleService-Info.plist */ = {isa = PBXFileReference; fileEncoding = 4; lastKnownFileType = text.plist.xml; path = "GoogleService-Info.plist"; sourceTree = "<group>"; };
		DDDACAB4202676F500CE4FFD /* ViewLogsViewController.swift */ = {isa = PBXFileReference; lastKnownFileType = sourcecode.swift; path = ViewLogsViewController.swift; sourceTree = "<group>"; };
		DDDACAB62026833B00CE4FFD /* ViewLogsViewControllerTableViewCell.swift */ = {isa = PBXFileReference; lastKnownFileType = sourcecode.swift; path = ViewLogsViewControllerTableViewCell.swift; sourceTree = "<group>"; };
/* End PBXFileReference section */

/* Begin PBXFrameworksBuildPhase section */
		DD3596CE201CB4840096A84C /* Frameworks */ = {
			isa = PBXFrameworksBuildPhase;
			buildActionMask = 2147483647;
			files = (
				1DF7484BAF4592B255EB50C1 /* Pods_FYP.framework in Frameworks */,
			);
			runOnlyForDeploymentPostprocessing = 0;
		};
/* End PBXFrameworksBuildPhase section */

/* Begin PBXGroup section */
		4EE39B89B80F21D78010DAF1 /* Frameworks */ = {
			isa = PBXGroup;
			children = (
				CD1773FB594F28E25B4FA7D3 /* Pods_FYP.framework */,
			);
			name = Frameworks;
			sourceTree = "<group>";
		};
		7C59FB3A0B7F8330CE57139D /* Pods */ = {
			isa = PBXGroup;
			children = (
				6CAB64F2B7C0EF8AD60380AB /* Pods-FYP.debug.xcconfig */,
				08EB26EF0073F8EC21D50595 /* Pods-FYP.release.xcconfig */,
			);
			name = Pods;
			sourceTree = "<group>";
		};
		DD3596C8201CB4840096A84C = {
			isa = PBXGroup;
			children = (
				DDCEEBD1206194780094FFDE /* FYP_bridge.h */,
				DDAAA36120377BB0001E8C77 /* noMeds.png */,
				DDAAA36320377BB7001E8C77 /* yesMeds.png */,
				DD3596D3201CB4840096A84C /* FYP */,
				DD3596D2201CB4840096A84C /* Products */,
				7C59FB3A0B7F8330CE57139D /* Pods */,
				4EE39B89B80F21D78010DAF1 /* Frameworks */,
			);
			sourceTree = "<group>";
		};
		DD3596D2201CB4840096A84C /* Products */ = {
			isa = PBXGroup;
			children = (
				DD3596D1201CB4840096A84C /* FYP.app */,
			);
			name = Products;
			sourceTree = "<group>";
		};
		DD3596D3201CB4840096A84C /* FYP */ = {
			isa = PBXGroup;
			children = (
				DD5C4A5C2066CD520054E035 /* activities */,
				DD5C4A552066CBEA0054E035 /* addLog */,
				DD5C4A4E2066CA890054E035 /* resetPassword */,
				DD5C4A472066C4D20054E035 /* ViewLogs */,
				DD5C4A402066C3CB0054E035 /* LineGraph */,
				DDD896A92028FE6400A85EF6 /* GoogleService-Info.plist */,
				DD3596D4201CB4840096A84C /* AppDelegate.swift */,
				DD3596D6201CB4840096A84C /* ViewController.swift */,
				DD3596D8201CB4840096A84C /* Main.storyboard */,
				DD3596DB201CB4840096A84C /* Assets.xcassets */,
				DD3596DD201CB4840096A84C /* LaunchScreen.storyboard */,
				DD3596E0201CB4840096A84C /* Info.plist */,
				DD3596E6201CCC840096A84C /* SignInViewController.swift */,
				DD3596E8201CCF160096A84C /* RegisterViewController.swift */,
				DD887CD620222A71003BCFE3 /* LogEntryViewController.swift */,
				DDDACAB4202676F500CE4FFD /* ViewLogsViewController.swift */,
				DDDACAB62026833B00CE4FFD /* ViewLogsViewControllerTableViewCell.swift */,
				DD354C86202F4074008DD9E3 /* Log.swift */,
				DD2411B920375CEE00515757 /* DetailLogViewController.swift */,
				DD3A19A12047252300673DAF /* ChartViewController.swift */,
				DDCEEBD22062C0870094FFDE /* ResetPasswordViewController.swift */,
				DDA5C1FF204F2A7A004452D8 /* editActivitiesViewController.swift */,
				DDA5C201204F3755004452D8 /* MaxLengthTextField.swift */,
			);
			path = FYP;
			sourceTree = "<group>";
		};
		DD5C4A402066C3CB0054E035 /* LineGraph */ = {
			isa = PBXGroup;
			children = (
				DD5C4A412066C3EA0054E035 /* lineGraph@3x.png */,
				DD5C4A432066C3F10054E035 /* lineGraph@2x.png */,
				DD5C4A452066C3F70054E035 /* lineGraph.png */,
			);
			path = LineGraph;
			sourceTree = "<group>";
		};
		DD5C4A472066C4D20054E035 /* ViewLogs */ = {
			isa = PBXGroup;
			children = (
				DD5C4A482066C4E70054E035 /* viewLogs.png */,
				DD5C4A4A2066C4F10054E035 /* viewlogs@2x.png */,
				DD5C4A4C2066C4F80054E035 /* viewLogs@3x.png */,
			);
			path = ViewLogs;
			sourceTree = "<group>";
		};
		DD5C4A4E2066CA890054E035 /* resetPassword */ = {
			isa = PBXGroup;
			children = (
				DD5C4A4F2066CA9B0054E035 /* resetPassword@3x.png */,
				DD5C4A512066CAA10054E035 /* resetPassword@2x.png */,
				DD5C4A532066CAA70054E035 /* resetPassword.png */,
			);
			path = resetPassword;
			sourceTree = "<group>";
		};
		DD5C4A552066CBEA0054E035 /* addLog */ = {
			isa = PBXGroup;
			children = (
				DD5C4A562066CC240054E035 /* addLog.png */,
				DD5C4A582066CC2A0054E035 /* addLog@2x.png */,
				DD5C4A5A2066CC330054E035 /* addLog@3x.png */,
			);
			path = addLog;
			sourceTree = "<group>";
		};
		DD5C4A5C2066CD520054E035 /* activities */ = {
			isa = PBXGroup;
			children = (
				DD5C4A5D2066CD690054E035 /* activities.png */,
				DD5C4A612066CD750054E035 /* activities@2x.png */,
				DD5C4A5F2066CD6E0054E035 /* activities@3x.png */,
			);
			path = activities;
			sourceTree = "<group>";
		};
/* End PBXGroup section */

/* Begin PBXNativeTarget section */
		DD3596D0201CB4840096A84C /* FYP */ = {
			isa = PBXNativeTarget;
			buildConfigurationList = DD3596E3201CB4840096A84C /* Build configuration list for PBXNativeTarget "FYP" */;
			buildPhases = (
				B44F123FFB7E893660AB41D7 /* [CP] Check Pods Manifest.lock */,
				DD3596CD201CB4840096A84C /* Sources */,
				DD3596CE201CB4840096A84C /* Frameworks */,
				DD3596CF201CB4840096A84C /* Resources */,
				FC115AF2B0012F8F6AC8B68B /* [CP] Embed Pods Frameworks */,
				D1668B776FD1DE1BB19BF7E2 /* [CP] Copy Pods Resources */,
			);
			buildRules = (
			);
			dependencies = (
			);
			name = FYP;
			productName = FYP;
			productReference = DD3596D1201CB4840096A84C /* FYP.app */;
			productType = "com.apple.product-type.application";
		};
/* End PBXNativeTarget section */

/* Begin PBXProject section */
		DD3596C9201CB4840096A84C /* Project object */ = {
			isa = PBXProject;
			attributes = {
				LastSwiftUpdateCheck = 0910;
				LastUpgradeCheck = 0910;
				ORGANIZATIONNAME = "Sandeep Walia";
				TargetAttributes = {
					DD3596D0201CB4840096A84C = {
						CreatedOnToolsVersion = 9.1;
						ProvisioningStyle = Automatic;
					};
				};
			};
			buildConfigurationList = DD3596CC201CB4840096A84C /* Build configuration list for PBXProject "FYP" */;
			compatibilityVersion = "Xcode 8.0";
			developmentRegion = en;
			hasScannedForEncodings = 0;
			knownRegions = (
				en,
				Base,
			);
			mainGroup = DD3596C8201CB4840096A84C;
			productRefGroup = DD3596D2201CB4840096A84C /* Products */;
			projectDirPath = "";
			projectRoot = "";
			targets = (
				DD3596D0201CB4840096A84C /* FYP */,
			);
		};
/* End PBXProject section */

/* Begin PBXResourcesBuildPhase section */
		DD3596CF201CB4840096A84C /* Resources */ = {
			isa = PBXResourcesBuildPhase;
			buildActionMask = 2147483647;
			files = (
				DD5C4A602066CD6E0054E035 /* activities@3x.png in Resources */,
				DD3596DF201CB4840096A84C /* LaunchScreen.storyboard in Resources */,
				DD5C4A5E2066CD690054E035 /* activities.png in Resources */,
				DD5C4A542066CAA80054E035 /* resetPassword.png in Resources */,
				DDD896AA2028FE6400A85EF6 /* GoogleService-Info.plist in Resources */,
				DD5C4A422066C3EA0054E035 /* lineGraph@3x.png in Resources */,
				DD5C4A522066CAA20054E035 /* resetPassword@2x.png in Resources */,
				DD5C4A492066C4E70054E035 /* viewLogs.png in Resources */,
				DD5C4A5B2066CC340054E035 /* addLog@3x.png in Resources */,
				DD3596DC201CB4840096A84C /* Assets.xcassets in Resources */,
				DD5C4A4D2066C4F80054E035 /* viewLogs@3x.png in Resources */,
				DD5C4A572066CC250054E035 /* addLog.png in Resources */,
				DD3596DA201CB4840096A84C /* Main.storyboard in Resources */,
				DD5C4A622066CD750054E035 /* activities@2x.png in Resources */,
				DD5C4A592066CC2B0054E035 /* addLog@2x.png in Resources */,
				DDAAA36420377BB7001E8C77 /* yesMeds.png in Resources */,
				DD5C4A502066CA9B0054E035 /* resetPassword@3x.png in Resources */,
				DD5C4A4B2066C4F10054E035 /* viewlogs@2x.png in Resources */,
				DDAAA36220377BB0001E8C77 /* noMeds.png in Resources */,
				DD5C4A442066C3F10054E035 /* lineGraph@2x.png in Resources */,
				DD5C4A462066C3F70054E035 /* lineGraph.png in Resources */,
			);
			runOnlyForDeploymentPostprocessing = 0;
		};
/* End PBXResourcesBuildPhase section */

/* Begin PBXShellScriptBuildPhase section */
		B44F123FFB7E893660AB41D7 /* [CP] Check Pods Manifest.lock */ = {
			isa = PBXShellScriptBuildPhase;
			buildActionMask = 2147483647;
			files = (
			);
			inputPaths = (
				"${PODS_PODFILE_DIR_PATH}/Podfile.lock",
				"${PODS_ROOT}/Manifest.lock",
			);
			name = "[CP] Check Pods Manifest.lock";
			outputPaths = (
				"$(DERIVED_FILE_DIR)/Pods-FYP-checkManifestLockResult.txt",
			);
			runOnlyForDeploymentPostprocessing = 0;
			shellPath = /bin/sh;
			shellScript = "diff \"${PODS_PODFILE_DIR_PATH}/Podfile.lock\" \"${PODS_ROOT}/Manifest.lock\" > /dev/null\nif [ $? != 0 ] ; then\n    # print error to STDERR\n    echo \"error: The sandbox is not in sync with the Podfile.lock. Run 'pod install' or update your CocoaPods installation.\" >&2\n    exit 1\nfi\n# This output is used by Xcode 'outputs' to avoid re-running this script phase.\necho \"SUCCESS\" > \"${SCRIPT_OUTPUT_FILE_0}\"\n";
			showEnvVarsInLog = 0;
		};
		D1668B776FD1DE1BB19BF7E2 /* [CP] Copy Pods Resources */ = {
			isa = PBXShellScriptBuildPhase;
			buildActionMask = 2147483647;
			files = (
			);
			inputPaths = (
			);
			name = "[CP] Copy Pods Resources";
			outputPaths = (
			);
			runOnlyForDeploymentPostprocessing = 0;
			shellPath = /bin/sh;
			shellScript = "\"${SRCROOT}/Pods/Target Support Files/Pods-FYP/Pods-FYP-resources.sh\"\n";
			showEnvVarsInLog = 0;
		};
		FC115AF2B0012F8F6AC8B68B /* [CP] Embed Pods Frameworks */ = {
			isa = PBXShellScriptBuildPhase;
			buildActionMask = 2147483647;
			files = (
			);
			inputPaths = (
				"${SRCROOT}/Pods/Target Support Files/Pods-FYP/Pods-FYP-frameworks.sh",
				"${BUILT_PRODUCTS_DIR}/Charts/Charts.framework",
				"${BUILT_PRODUCTS_DIR}/DynamicColor/DynamicColor.framework",
				"${BUILT_PRODUCTS_DIR}/GoogleToolboxForMac/GoogleToolboxForMac.framework",
				"${BUILT_PRODUCTS_DIR}/IQKeyboardManagerSwift/IQKeyboardManagerSwift.framework",
				"${BUILT_PRODUCTS_DIR}/MBCircularProgressBar/MBCircularProgressBar.framework",
				"${BUILT_PRODUCTS_DIR}/ScrollableGraphView/ScrollableGraphView.framework",
				"${BUILT_PRODUCTS_DIR}/SkyFloatingLabelTextField/SkyFloatingLabelTextField.framework",
				"${BUILT_PRODUCTS_DIR}/SwiftChart/SwiftChart.framework",
				"${BUILT_PRODUCTS_DIR}/Whisper/Whisper.framework",
				"${BUILT_PRODUCTS_DIR}/fluid-slider/fluid_slider.framework",
				"${BUILT_PRODUCTS_DIR}/leveldb-library/leveldb.framework",
				"${BUILT_PRODUCTS_DIR}/nanopb/nanopb.framework",
				"${BUILT_PRODUCTS_DIR}/pop/pop.framework",
			);
			name = "[CP] Embed Pods Frameworks";
			outputPaths = (
				"${TARGET_BUILD_DIR}/${FRAMEWORKS_FOLDER_PATH}/Charts.framework",
				"${TARGET_BUILD_DIR}/${FRAMEWORKS_FOLDER_PATH}/DynamicColor.framework",
				"${TARGET_BUILD_DIR}/${FRAMEWORKS_FOLDER_PATH}/GoogleToolboxForMac.framework",
				"${TARGET_BUILD_DIR}/${FRAMEWORKS_FOLDER_PATH}/IQKeyboardManagerSwift.framework",
				"${TARGET_BUILD_DIR}/${FRAMEWORKS_FOLDER_PATH}/MBCircularProgressBar.framework",
				"${TARGET_BUILD_DIR}/${FRAMEWORKS_FOLDER_PATH}/ScrollableGraphView.framework",
				"${TARGET_BUILD_DIR}/${FRAMEWORKS_FOLDER_PATH}/SkyFloatingLabelTextField.framework",
				"${TARGET_BUILD_DIR}/${FRAMEWORKS_FOLDER_PATH}/SwiftChart.framework",
				"${TARGET_BUILD_DIR}/${FRAMEWORKS_FOLDER_PATH}/Whisper.framework",
				"${TARGET_BUILD_DIR}/${FRAMEWORKS_FOLDER_PATH}/fluid_slider.framework",
				"${TARGET_BUILD_DIR}/${FRAMEWORKS_FOLDER_PATH}/leveldb.framework",
				"${TARGET_BUILD_DIR}/${FRAMEWORKS_FOLDER_PATH}/nanopb.framework",
				"${TARGET_BUILD_DIR}/${FRAMEWORKS_FOLDER_PATH}/pop.framework",
			);
			runOnlyForDeploymentPostprocessing = 0;
			shellPath = /bin/sh;
			shellScript = "\"${SRCROOT}/Pods/Target Support Files/Pods-FYP/Pods-FYP-frameworks.sh\"\n";
			showEnvVarsInLog = 0;
		};
/* End PBXShellScriptBuildPhase section */

/* Begin PBXSourcesBuildPhase section */
		DD3596CD201CB4840096A84C /* Sources */ = {
			isa = PBXSourcesBuildPhase;
			buildActionMask = 2147483647;
			files = (
				DD3596D7201CB4840096A84C /* ViewController.swift in Sources */,
				DD887CD720222A71003BCFE3 /* LogEntryViewController.swift in Sources */,
				DDDACAB5202676F500CE4FFD /* ViewLogsViewController.swift in Sources */,
				DDA5C200204F2A7A004452D8 /* editActivitiesViewController.swift in Sources */,
				DDA5C202204F3755004452D8 /* MaxLengthTextField.swift in Sources */,
				DD3596D5201CB4840096A84C /* AppDelegate.swift in Sources */,
				DD2411BA20375CEE00515757 /* DetailLogViewController.swift in Sources */,
				DDDACAB72026833B00CE4FFD /* ViewLogsViewControllerTableViewCell.swift in Sources */,
				DD3596E7201CCC840096A84C /* SignInViewController.swift in Sources */,
				DDCEEBD32062C0870094FFDE /* ResetPasswordViewController.swift in Sources */,
				DD354C87202F4074008DD9E3 /* Log.swift in Sources */,
				DD3596E9201CCF160096A84C /* RegisterViewController.swift in Sources */,
				DD3A19A22047252300673DAF /* ChartViewController.swift in Sources */,
			);
			runOnlyForDeploymentPostprocessing = 0;
		};
/* End PBXSourcesBuildPhase section */

/* Begin PBXVariantGroup section */
		DD3596D8201CB4840096A84C /* Main.storyboard */ = {
			isa = PBXVariantGroup;
			children = (
				DD3596D9201CB4840096A84C /* Base */,
			);
			name = Main.storyboard;
			sourceTree = "<group>";
		};
		DD3596DD201CB4840096A84C /* LaunchScreen.storyboard */ = {
			isa = PBXVariantGroup;
			children = (
				DD3596DE201CB4840096A84C /* Base */,
			);
			name = LaunchScreen.storyboard;
			sourceTree = "<group>";
		};
/* End PBXVariantGroup section */

/* Begin XCBuildConfiguration section */
		DD3596E1201CB4840096A84C /* Debug */ = {
			isa = XCBuildConfiguration;
			buildSettings = {
				ALWAYS_SEARCH_USER_PATHS = NO;
				CLANG_ANALYZER_NONNULL = YES;
				CLANG_ANALYZER_NUMBER_OBJECT_CONVERSION = YES_AGGRESSIVE;
				CLANG_CXX_LANGUAGE_STANDARD = "gnu++14";
				CLANG_CXX_LIBRARY = "libc++";
				CLANG_ENABLE_MODULES = YES;
				CLANG_ENABLE_OBJC_ARC = YES;
				CLANG_WARN_BLOCK_CAPTURE_AUTORELEASING = YES;
				CLANG_WARN_BOOL_CONVERSION = YES;
				CLANG_WARN_COMMA = YES;
				CLANG_WARN_CONSTANT_CONVERSION = YES;
				CLANG_WARN_DIRECT_OBJC_ISA_USAGE = YES_ERROR;
				CLANG_WARN_DOCUMENTATION_COMMENTS = YES;
				CLANG_WARN_EMPTY_BODY = YES;
				CLANG_WARN_ENUM_CONVERSION = YES;
				CLANG_WARN_INFINITE_RECURSION = YES;
				CLANG_WARN_INT_CONVERSION = YES;
				CLANG_WARN_NON_LITERAL_NULL_CONVERSION = YES;
				CLANG_WARN_OBJC_LITERAL_CONVERSION = YES;
				CLANG_WARN_OBJC_ROOT_CLASS = YES_ERROR;
				CLANG_WARN_RANGE_LOOP_ANALYSIS = YES;
				CLANG_WARN_STRICT_PROTOTYPES = YES;
				CLANG_WARN_SUSPICIOUS_MOVE = YES;
				CLANG_WARN_UNGUARDED_AVAILABILITY = YES_AGGRESSIVE;
				CLANG_WARN_UNREACHABLE_CODE = YES;
				CLANG_WARN__DUPLICATE_METHOD_MATCH = YES;
				CODE_SIGN_IDENTITY = "iPhone Developer";
				COPY_PHASE_STRIP = NO;
				DEBUG_INFORMATION_FORMAT = dwarf;
				ENABLE_STRICT_OBJC_MSGSEND = YES;
				ENABLE_TESTABILITY = YES;
				GCC_C_LANGUAGE_STANDARD = gnu11;
				GCC_DYNAMIC_NO_PIC = NO;
				GCC_NO_COMMON_BLOCKS = YES;
				GCC_OPTIMIZATION_LEVEL = 0;
				GCC_PREPROCESSOR_DEFINITIONS = (
					"DEBUG=1",
					"$(inherited)",
				);
				GCC_WARN_64_TO_32_BIT_CONVERSION = YES;
				GCC_WARN_ABOUT_RETURN_TYPE = YES_ERROR;
				GCC_WARN_UNDECLARED_SELECTOR = YES;
				GCC_WARN_UNINITIALIZED_AUTOS = YES_AGGRESSIVE;
				GCC_WARN_UNUSED_FUNCTION = YES;
				GCC_WARN_UNUSED_VARIABLE = YES;
				IPHONEOS_DEPLOYMENT_TARGET = 11.1;
				MTL_ENABLE_DEBUG_INFO = YES;
				ONLY_ACTIVE_ARCH = YES;
				SDKROOT = iphoneos;
				SWIFT_ACTIVE_COMPILATION_CONDITIONS = DEBUG;
				SWIFT_OPTIMIZATION_LEVEL = "-Onone";
			};
			name = Debug;
		};
		DD3596E2201CB4840096A84C /* Release */ = {
			isa = XCBuildConfiguration;
			buildSettings = {
				ALWAYS_SEARCH_USER_PATHS = NO;
				CLANG_ANALYZER_NONNULL = YES;
				CLANG_ANALYZER_NUMBER_OBJECT_CONVERSION = YES_AGGRESSIVE;
				CLANG_CXX_LANGUAGE_STANDARD = "gnu++14";
				CLANG_CXX_LIBRARY = "libc++";
				CLANG_ENABLE_MODULES = YES;
				CLANG_ENABLE_OBJC_ARC = YES;
				CLANG_WARN_BLOCK_CAPTURE_AUTORELEASING = YES;
				CLANG_WARN_BOOL_CONVERSION = YES;
				CLANG_WARN_COMMA = YES;
				CLANG_WARN_CONSTANT_CONVERSION = YES;
				CLANG_WARN_DIRECT_OBJC_ISA_USAGE = YES_ERROR;
				CLANG_WARN_DOCUMENTATION_COMMENTS = YES;
				CLANG_WARN_EMPTY_BODY = YES;
				CLANG_WARN_ENUM_CONVERSION = YES;
				CLANG_WARN_INFINITE_RECURSION = YES;
				CLANG_WARN_INT_CONVERSION = YES;
				CLANG_WARN_NON_LITERAL_NULL_CONVERSION = YES;
				CLANG_WARN_OBJC_LITERAL_CONVERSION = YES;
				CLANG_WARN_OBJC_ROOT_CLASS = YES_ERROR;
				CLANG_WARN_RANGE_LOOP_ANALYSIS = YES;
				CLANG_WARN_STRICT_PROTOTYPES = YES;
				CLANG_WARN_SUSPICIOUS_MOVE = YES;
				CLANG_WARN_UNGUARDED_AVAILABILITY = YES_AGGRESSIVE;
				CLANG_WARN_UNREACHABLE_CODE = YES;
				CLANG_WARN__DUPLICATE_METHOD_MATCH = YES;
				CODE_SIGN_IDENTITY = "iPhone Developer";
				COPY_PHASE_STRIP = NO;
				DEBUG_INFORMATION_FORMAT = "dwarf-with-dsym";
				ENABLE_NS_ASSERTIONS = NO;
				ENABLE_STRICT_OBJC_MSGSEND = YES;
				GCC_C_LANGUAGE_STANDARD = gnu11;
				GCC_NO_COMMON_BLOCKS = YES;
				GCC_WARN_64_TO_32_BIT_CONVERSION = YES;
				GCC_WARN_ABOUT_RETURN_TYPE = YES_ERROR;
				GCC_WARN_UNDECLARED_SELECTOR = YES;
				GCC_WARN_UNINITIALIZED_AUTOS = YES_AGGRESSIVE;
				GCC_WARN_UNUSED_FUNCTION = YES;
				GCC_WARN_UNUSED_VARIABLE = YES;
				IPHONEOS_DEPLOYMENT_TARGET = 11.1;
				MTL_ENABLE_DEBUG_INFO = NO;
				SDKROOT = iphoneos;
				SWIFT_OPTIMIZATION_LEVEL = "-Owholemodule";
				VALIDATE_PRODUCT = YES;
			};
			name = Release;
		};
		DD3596E4201CB4840096A84C /* Debug */ = {
			isa = XCBuildConfiguration;
			baseConfigurationReference = 6CAB64F2B7C0EF8AD60380AB /* Pods-FYP.debug.xcconfig */;
			buildSettings = {
				ASSETCATALOG_COMPILER_APPICON_NAME = AppIcon;
				CODE_SIGN_STYLE = Automatic;
				DEVELOPMENT_TEAM = 6N6TZ3QQD8;
				HEADER_SEARCH_PATHS = (
					"$(inherited)",
					"${PODS_ROOT}/Firebase/Core/Sources",
					"$(inherited)",
					"\"${PODS_ROOT}/Headers/Public\"",
					"\"${PODS_ROOT}/Headers/Public/Firebase\"",
					"\"${PODS_ROOT}/Headers/Public/FirebaseAnalytics\"",
					"\"${PODS_ROOT}/Headers/Public/FirebaseCore\"",
					"\"${PODS_ROOT}/Headers/Public/FirebaseDatabase\"",
					"\"${PODS_ROOT}/Headers/Public/FirebaseInstanceID\"",
					"\"${PODS_ROOT}/Headers/Public/mailcore2-ios\"",
					"\"${PODS_ROOT}/Headers/Public/mailcore2-ios/MailCore\"",
				);
				INFOPLIST_FILE = FYP/Info.plist;
				IPHONEOS_DEPLOYMENT_TARGET = 10.3;
				LD_RUNPATH_SEARCH_PATHS = "$(inherited) @executable_path/Frameworks";
				PRODUCT_BUNDLE_IDENTIFIER = sandeepwalia.FYP;
				PRODUCT_NAME = "$(TARGET_NAME)";
				SWIFT_OBJC_BRIDGING_HEADER = "$(SRCROOT)/FYP_bridge.h";
				SWIFT_VERSION = 4.0;
				TARGETED_DEVICE_FAMILY = "1,2";
			};
			name = Debug;
		};
		DD3596E5201CB4840096A84C /* Release */ = {
			isa = XCBuildConfiguration;
			baseConfigurationReference = 08EB26EF0073F8EC21D50595 /* Pods-FYP.release.xcconfig */;
			buildSettings = {
				ASSETCATALOG_COMPILER_APPICON_NAME = AppIcon;
				CODE_SIGN_STYLE = Automatic;
				DEVELOPMENT_TEAM = 6N6TZ3QQD8;
				HEADER_SEARCH_PATHS = (
					"$(inherited)",
					"${PODS_ROOT}/Firebase/Core/Sources",
					"$(inherited)",
					"\"${PODS_ROOT}/Headers/Public\"",
					"\"${PODS_ROOT}/Headers/Public/Firebase\"",
					"\"${PODS_ROOT}/Headers/Public/FirebaseAnalytics\"",
					"\"${PODS_ROOT}/Headers/Public/FirebaseCore\"",
					"\"${PODS_ROOT}/Headers/Public/FirebaseDatabase\"",
					"\"${PODS_ROOT}/Headers/Public/FirebaseInstanceID\"",
					"\"${PODS_ROOT}/Headers/Public/mailcore2-ios\"",
					"\"${PODS_ROOT}/Headers/Public/mailcore2-ios/MailCore\"",
				);
				INFOPLIST_FILE = FYP/Info.plist;
				IPHONEOS_DEPLOYMENT_TARGET = 10.3;
				LD_RUNPATH_SEARCH_PATHS = "$(inherited) @executable_path/Frameworks";
				PRODUCT_BUNDLE_IDENTIFIER = sandeepwalia.FYP;
				PRODUCT_NAME = "$(TARGET_NAME)";
				SWIFT_OBJC_BRIDGING_HEADER = "$(SRCROOT)/FYP_bridge.h";
				SWIFT_VERSION = 4.0;
				TARGETED_DEVICE_FAMILY = "1,2";
			};
			name = Release;
		};
/* End XCBuildConfiguration section */

/* Begin XCConfigurationList section */
		DD3596CC201CB4840096A84C /* Build configuration list for PBXProject "FYP" */ = {
			isa = XCConfigurationList;
			buildConfigurations = (
				DD3596E1201CB4840096A84C /* Debug */,
				DD3596E2201CB4840096A84C /* Release */,
			);
			defaultConfigurationIsVisible = 0;
			defaultConfigurationName = Release;
		};
		DD3596E3201CB4840096A84C /* Build configuration list for PBXNativeTarget "FYP" */ = {
			isa = XCConfigurationList;
			buildConfigurations = (
				DD3596E4201CB4840096A84C /* Debug */,
				DD3596E5201CB4840096A84C /* Release */,
			);
			defaultConfigurationIsVisible = 0;
			defaultConfigurationName = Release;
		};
/* End XCConfigurationList section */
	};
	rootObject = DD3596C9201CB4840096A84C /* Project object */;
}
